
Microsoft Visual Studio Solution File, Format Version 12.00
Project("{FAE04EC0-301F-11D3-BF4B-00C04F79EFBC}") = "Api", "src\Api\Api.csproj", "{3DB8DBF4-6246-40CE-9D4A-2036E2A81CD8}"
EndProject
Project("{FAE04EC0-301F-11D3-BF4B-00C04F79EFBC}") = "Api.Tests", "tests\Api.Tests\Api.Tests.csproj", "{A61B358C-ED67-4A7E-B387-A156517AAB84}"
EndProject
Project("{FAE04EC0-301F-11D3-BF4B-00C04F79EFBC}") = "AppHost", "src\AppHost\AppHost.csproj", "{DFE79566-11B8-4BA8-94EB-758BEC8A58E0}"
EndProject
Project("{FAE04EC0-301F-11D3-BF4B-00C04F79EFBC}") = "ServiceDefaults", "src\ServiceDefaults\ServiceDefaults.csproj", "{36CEF726-3D3D-4179-B304-F69577D39713}"
EndProject
Project("{FAE04EC0-301F-11D3-BF4B-00C04F79EFBC}") = "Inventory", "src\Inventory\Inventory.csproj", "{26411E7D-959F-4829-A76F-834BDD515618}"
EndProject
Project("{FAE04EC0-301F-11D3-BF4B-00C04F79EFBC}") = "SharedKernel", "src\SharedKernel\SharedKernel.csproj", "{66180FAA-1ABE-4F7A-BED3-EAA7C5827A23}"
EndProject
Global
	GlobalSection(SolutionConfigurationPlatforms) = preSolution
		Debug|Any CPU = Debug|Any CPU
		Release|Any CPU = Release|Any CPU
	EndGlobalSection
	GlobalSection(ProjectConfigurationPlatforms) = postSolution
		{3DB8DBF4-6246-40CE-9D4A-2036E2A81CD8}.Debug|Any CPU.ActiveCfg = Debug|Any CPU
		{3DB8DBF4-6246-40CE-9D4A-2036E2A81CD8}.Debug|Any CPU.Build.0 = Debug|Any CPU
		{3DB8DBF4-6246-40CE-9D4A-2036E2A81CD8}.Release|Any CPU.ActiveCfg = Release|Any CPU
		{3DB8DBF4-6246-40CE-9D4A-2036E2A81CD8}.Release|Any CPU.Build.0 = Release|Any CPU
		{A61B358C-ED67-4A7E-B387-A156517AAB84}.Debug|Any CPU.ActiveCfg = Debug|Any CPU
		{A61B358C-ED67-4A7E-B387-A156517AAB84}.Debug|Any CPU.Build.0 = Debug|Any CPU
		{A61B358C-ED67-4A7E-B387-A156517AAB84}.Release|Any CPU.ActiveCfg = Release|Any CPU
		{A61B358C-ED67-4A7E-B387-A156517AAB84}.Release|Any CPU.Build.0 = Release|Any CPU
		{DFE79566-11B8-4BA8-94EB-758BEC8A58E0}.Debug|Any CPU.ActiveCfg = Debug|Any CPU
		{DFE79566-11B8-4BA8-94EB-758BEC8A58E0}.Debug|Any CPU.Build.0 = Debug|Any CPU
		{DFE79566-11B8-4BA8-94EB-758BEC8A58E0}.Release|Any CPU.ActiveCfg = Release|Any CPU
		{DFE79566-11B8-4BA8-94EB-758BEC8A58E0}.Release|Any CPU.Build.0 = Release|Any CPU
		{36CEF726-3D3D-4179-B304-F69577D39713}.Debug|Any CPU.ActiveCfg = Debug|Any CPU
		{36CEF726-3D3D-4179-B304-F69577D39713}.Debug|Any CPU.Build.0 = Debug|Any CPU
		{36CEF726-3D3D-4179-B304-F69577D39713}.Release|Any CPU.ActiveCfg = Release|Any CPU
		{36CEF726-3D3D-4179-B304-F69577D39713}.Release|Any CPU.Build.0 = Release|Any CPU
		{26411E7D-959F-4829-A76F-834BDD515618}.Debug|Any CPU.ActiveCfg = Debug|Any CPU
		{26411E7D-959F-4829-A76F-834BDD515618}.Debug|Any CPU.Build.0 = Debug|Any CPU
		{26411E7D-959F-4829-A76F-834BDD515618}.Release|Any CPU.ActiveCfg = Release|Any CPU
		{26411E7D-959F-4829-A76F-834BDD515618}.Release|Any CPU.Build.0 = Release|Any CPU
		{66180FAA-1ABE-4F7A-BED3-EAA7C5827A23}.Debug|Any CPU.ActiveCfg = Debug|Any CPU
		{66180FAA-1ABE-4F7A-BED3-EAA7C5827A23}.Debug|Any CPU.Build.0 = Debug|Any CPU
		{66180FAA-1ABE-4F7A-BED3-EAA7C5827A23}.Release|Any CPU.ActiveCfg = Release|Any CPU
		{66180FAA-1ABE-4F7A-BED3-EAA7C5827A23}.Release|Any CPU.Build.0 = Release|Any CPU
	EndGlobalSection
	GlobalSection(NestedProjects) = preSolution
	EndGlobalSection
EndGlobal
